
Microsoft Visual Studio Solution File, Format Version 12.00
# Visual Studio Version 17
VisualStudioVersion = 17.0.31903.59
MinimumVisualStudioVersion = 10.0.40219.1
Project("{2150E333-8FDC-42A3-9474-1A3956D46DE8}") = "src", "src", "{23E9A33D-038A-45E5-8CC3-4B36AD7A783A}"
EndProject
Project("{FAE04EC0-301F-11D3-BF4B-00C04F79EFBC}") = "ctwebapp", "src\ctwebapp\ctwebapp.csproj", "{8FE3A0A9-4FD5-4233-95DB-626A5457086F}"
EndProject
Global
	GlobalSection(SolutionConfigurationPlatforms) = preSolution
		Debug|Any CPU = Debug|Any CPU
		Release|Any CPU = Release|Any CPU
	EndGlobalSection
	GlobalSection(SolutionProperties) = preSolution
		HideSolutionNode = FALSE
	EndGlobalSection
	GlobalSection(ProjectConfigurationPlatforms) = postSolution
		{8FE3A0A9-4FD5-4233-95DB-626A5457086F}.Debug|Any CPU.ActiveCfg = Debug|Any CPU
		{8FE3A0A9-4FD5-4233-95DB-626A5457086F}.Debug|Any CPU.Build.0 = Debug|Any CPU
		{8FE3A0A9-4FD5-4233-95DB-626A5457086F}.Release|Any CPU.ActiveCfg = Release|Any CPU
		{8FE3A0A9-4FD5-4233-95DB-626A5457086F}.Release|Any CPU.Build.0 = Release|Any CPU
	EndGlobalSection
	GlobalSection(NestedProjects) = preSolution
		{8FE3A0A9-4FD5-4233-95DB-626A5457086F} = {23E9A33D-038A-45E5-8CC3-4B36AD7A783A}
	EndGlobalSection
EndGlobal
